// !$*UTF8*$!
{
	archiveVersion = 1;
	classes = {
	};
	objectVersion = 51;
	objects = {

/* Begin PBXBuildFile section */
		2DB17E0457832634282AEE0D /* Pods_iOS_FirstWeek_Seminar_Ass2_Login_iOS_FirstWeek_Seminar_Ass2_LoginUITests.framework in Frameworks */ = {isa = PBXBuildFile; fileRef = 430E80418761E78528E52342 /* Pods_iOS_FirstWeek_Seminar_Ass2_Login_iOS_FirstWeek_Seminar_Ass2_LoginUITests.framework */; };
		6484CF67312D48D67CB39A8C /* Pods_iOS_FirstWeek_Seminar_Ass2_LoginTests.framework in Frameworks */ = {isa = PBXBuildFile; fileRef = 8522E88FF7D306425A2FDDE2 /* Pods_iOS_FirstWeek_Seminar_Ass2_LoginTests.framework */; };
		8A2EBDC8CDB2A609C6454865 /* Pods_iOS_FirstWeek_Seminar_Ass2_Login.framework in Frameworks */ = {isa = PBXBuildFile; fileRef = E53DE78E8D8D8C72B5E926EE /* Pods_iOS_FirstWeek_Seminar_Ass2_Login.framework */; };
		CC1154EC24501DB6004C15B8 /* AppDelegate.swift in Sources */ = {isa = PBXBuildFile; fileRef = CC1154EB24501DB6004C15B8 /* AppDelegate.swift */; };
		CC1154EE24501DB6004C15B8 /* SceneDelegate.swift in Sources */ = {isa = PBXBuildFile; fileRef = CC1154ED24501DB6004C15B8 /* SceneDelegate.swift */; };
		CC1154F024501DB6004C15B8 /* ViewController.swift in Sources */ = {isa = PBXBuildFile; fileRef = CC1154EF24501DB6004C15B8 /* ViewController.swift */; };
		CC1154F324501DB6004C15B8 /* Main.storyboard in Resources */ = {isa = PBXBuildFile; fileRef = CC1154F124501DB6004C15B8 /* Main.storyboard */; };
		CC1154F524501DB8004C15B8 /* Assets.xcassets in Resources */ = {isa = PBXBuildFile; fileRef = CC1154F424501DB8004C15B8 /* Assets.xcassets */; };
		CC1154F824501DB8004C15B8 /* LaunchScreen.storyboard in Resources */ = {isa = PBXBuildFile; fileRef = CC1154F624501DB8004C15B8 /* LaunchScreen.storyboard */; };
		CC11550324501DB8004C15B8 /* iOS_FirstWeek_Seminar_Ass2_LoginTests.swift in Sources */ = {isa = PBXBuildFile; fileRef = CC11550224501DB8004C15B8 /* iOS_FirstWeek_Seminar_Ass2_LoginTests.swift */; };
		CC11550E24501DB8004C15B8 /* iOS_FirstWeek_Seminar_Ass2_LoginUITests.swift in Sources */ = {isa = PBXBuildFile; fileRef = CC11550D24501DB8004C15B8 /* iOS_FirstWeek_Seminar_Ass2_LoginUITests.swift */; };
		CC11551C245025B5004C15B8 /* LoginViewController.swift in Sources */ = {isa = PBXBuildFile; fileRef = CC11551B245025B4004C15B8 /* LoginViewController.swift */; };
		CC11551E2450266B004C15B8 /* MainViewController.swift in Sources */ = {isa = PBXBuildFile; fileRef = CC11551D2450266B004C15B8 /* MainViewController.swift */; };
		CC11552024502692004C15B8 /* SignUpViewController.swift in Sources */ = {isa = PBXBuildFile; fileRef = CC11551F24502692004C15B8 /* SignUpViewController.swift */; };
		CC1B4D55246EB28B0026B5F6 /* TalkCell.swift in Sources */ = {isa = PBXBuildFile; fileRef = CC1B4D54246EB28B0026B5F6 /* TalkCell.swift */; };
		CC1B4D57246EB3A60026B5F6 /* TalkInformation.swift in Sources */ = {isa = PBXBuildFile; fileRef = CC1B4D56246EB3A60026B5F6 /* TalkInformation.swift */; };
		CC1B4D5E246FBC5E0026B5F6 /* APIConstants.swift in Sources */ = {isa = PBXBuildFile; fileRef = CC1B4D5D246FBC5E0026B5F6 /* APIConstants.swift */; };
		CC1B4D61246FBE620026B5F6 /* SigninData.swift in Sources */ = {isa = PBXBuildFile; fileRef = CC1B4D60246FBE620026B5F6 /* SigninData.swift */; };
		CC1B4D63246FBFE30026B5F6 /* NetworkResult.swift in Sources */ = {isa = PBXBuildFile; fileRef = CC1B4D62246FBFE30026B5F6 /* NetworkResult.swift */; };
		CC1B4D65246FC0140026B5F6 /* LoginService.swift in Sources */ = {isa = PBXBuildFile; fileRef = CC1B4D64246FC0140026B5F6 /* LoginService.swift */; };
		CC5E1124245958B200CDEC07 /* PaddingField.swift in Sources */ = {isa = PBXBuildFile; fileRef = CC5E1123245958B200CDEC07 /* PaddingField.swift */; };
		CC5E11262459618200CDEC07 /* PaddingButton.swift in Sources */ = {isa = PBXBuildFile; fileRef = CC5E11252459618200CDEC07 /* PaddingButton.swift */; };
		CC5E1128245AC4A900CDEC07 /* KoPubWorld Dotum_Pro Bold.otf in Resources */ = {isa = PBXBuildFile; fileRef = CC5E1127245AC4A900CDEC07 /* KoPubWorld Dotum_Pro Bold.otf */; };
		CC5E1129245AC4A900CDEC07 /* KoPubWorld Dotum_Pro Bold.otf in Resources */ = {isa = PBXBuildFile; fileRef = CC5E1127245AC4A900CDEC07 /* KoPubWorld Dotum_Pro Bold.otf */; };
		CC5E112A245AC4A900CDEC07 /* KoPubWorld Dotum_Pro Bold.otf in Resources */ = {isa = PBXBuildFile; fileRef = CC5E1127245AC4A900CDEC07 /* KoPubWorld Dotum_Pro Bold.otf */; };
		CCA40DCA246A97A1008B81ED /* FriendViewController.swift in Sources */ = {isa = PBXBuildFile; fileRef = CCA40DC9246A97A1008B81ED /* FriendViewController.swift */; };
		CCD95430246FD16200A97A7B /* SignupData.swift in Sources */ = {isa = PBXBuildFile; fileRef = CCD9542F246FD16200A97A7B /* SignupData.swift */; };
		CCD95432246FD72700A97A7B /* SignupService.swift in Sources */ = {isa = PBXBuildFile; fileRef = CCD95431246FD72700A97A7B /* SignupService.swift */; };
/* End PBXBuildFile section */

/* Begin PBXContainerItemProxy section */
		CC1154FF24501DB8004C15B8 /* PBXContainerItemProxy */ = {
			isa = PBXContainerItemProxy;
			containerPortal = CC1154E024501DB6004C15B8 /* Project object */;
			proxyType = 1;
			remoteGlobalIDString = CC1154E724501DB6004C15B8;
			remoteInfo = iOS_FirstWeek_Seminar_Ass2_Login;
		};
		CC11550A24501DB8004C15B8 /* PBXContainerItemProxy */ = {
			isa = PBXContainerItemProxy;
			containerPortal = CC1154E024501DB6004C15B8 /* Project object */;
			proxyType = 1;
			remoteGlobalIDString = CC1154E724501DB6004C15B8;
			remoteInfo = iOS_FirstWeek_Seminar_Ass2_Login;
		};
/* End PBXContainerItemProxy section */

/* Begin PBXFileReference section */
		03EDB2EE5AE1CE6C296267AD /* Pods-iOS_FirstWeek_Seminar_Ass2_LoginTests.release.xcconfig */ = {isa = PBXFileReference; includeInIndex = 1; lastKnownFileType = text.xcconfig; name = "Pods-iOS_FirstWeek_Seminar_Ass2_LoginTests.release.xcconfig"; path = "Target Support Files/Pods-iOS_FirstWeek_Seminar_Ass2_LoginTests/Pods-iOS_FirstWeek_Seminar_Ass2_LoginTests.release.xcconfig"; sourceTree = "<group>"; };
		11D2F264B3F4F7BC1A47006B /* Pods-iOS_FirstWeek_Seminar_Ass2_Login.debug.xcconfig */ = {isa = PBXFileReference; includeInIndex = 1; lastKnownFileType = text.xcconfig; name = "Pods-iOS_FirstWeek_Seminar_Ass2_Login.debug.xcconfig"; path = "Target Support Files/Pods-iOS_FirstWeek_Seminar_Ass2_Login/Pods-iOS_FirstWeek_Seminar_Ass2_Login.debug.xcconfig"; sourceTree = "<group>"; };
		3C6FA0DB36811BE278184E27 /* Pods-iOS_FirstWeek_Seminar_Ass2_Login.release.xcconfig */ = {isa = PBXFileReference; includeInIndex = 1; lastKnownFileType = text.xcconfig; name = "Pods-iOS_FirstWeek_Seminar_Ass2_Login.release.xcconfig"; path = "Target Support Files/Pods-iOS_FirstWeek_Seminar_Ass2_Login/Pods-iOS_FirstWeek_Seminar_Ass2_Login.release.xcconfig"; sourceTree = "<group>"; };
		3F97E071FC6241FBBDF300DC /* Pods-iOS_FirstWeek_Seminar_Ass2_LoginTests.debug.xcconfig */ = {isa = PBXFileReference; includeInIndex = 1; lastKnownFileType = text.xcconfig; name = "Pods-iOS_FirstWeek_Seminar_Ass2_LoginTests.debug.xcconfig"; path = "Target Support Files/Pods-iOS_FirstWeek_Seminar_Ass2_LoginTests/Pods-iOS_FirstWeek_Seminar_Ass2_LoginTests.debug.xcconfig"; sourceTree = "<group>"; };
		430E80418761E78528E52342 /* Pods_iOS_FirstWeek_Seminar_Ass2_Login_iOS_FirstWeek_Seminar_Ass2_LoginUITests.framework */ = {isa = PBXFileReference; explicitFileType = wrapper.framework; includeInIndex = 0; path = Pods_iOS_FirstWeek_Seminar_Ass2_Login_iOS_FirstWeek_Seminar_Ass2_LoginUITests.framework; sourceTree = BUILT_PRODUCTS_DIR; };
		8522E88FF7D306425A2FDDE2 /* Pods_iOS_FirstWeek_Seminar_Ass2_LoginTests.framework */ = {isa = PBXFileReference; explicitFileType = wrapper.framework; includeInIndex = 0; path = Pods_iOS_FirstWeek_Seminar_Ass2_LoginTests.framework; sourceTree = BUILT_PRODUCTS_DIR; };
		9CAB25557A8057F809D6BDBC /* Pods-iOS_FirstWeek_Seminar_Ass2_Login-iOS_FirstWeek_Seminar_Ass2_LoginUITests.release.xcconfig */ = {isa = PBXFileReference; includeInIndex = 1; lastKnownFileType = text.xcconfig; name = "Pods-iOS_FirstWeek_Seminar_Ass2_Login-iOS_FirstWeek_Seminar_Ass2_LoginUITests.release.xcconfig"; path = "Target Support Files/Pods-iOS_FirstWeek_Seminar_Ass2_Login-iOS_FirstWeek_Seminar_Ass2_LoginUITests/Pods-iOS_FirstWeek_Seminar_Ass2_Login-iOS_FirstWeek_Seminar_Ass2_LoginUITests.release.xcconfig"; sourceTree = "<group>"; };
		CC1154E824501DB6004C15B8 /* iOS_FirstWeek_Seminar_Ass2_Login.app */ = {isa = PBXFileReference; explicitFileType = wrapper.application; includeInIndex = 0; path = iOS_FirstWeek_Seminar_Ass2_Login.app; sourceTree = BUILT_PRODUCTS_DIR; };
		CC1154EB24501DB6004C15B8 /* AppDelegate.swift */ = {isa = PBXFileReference; lastKnownFileType = sourcecode.swift; path = AppDelegate.swift; sourceTree = "<group>"; };
		CC1154ED24501DB6004C15B8 /* SceneDelegate.swift */ = {isa = PBXFileReference; lastKnownFileType = sourcecode.swift; path = SceneDelegate.swift; sourceTree = "<group>"; };
		CC1154EF24501DB6004C15B8 /* ViewController.swift */ = {isa = PBXFileReference; lastKnownFileType = sourcecode.swift; path = ViewController.swift; sourceTree = "<group>"; };
		CC1154F224501DB6004C15B8 /* Base */ = {isa = PBXFileReference; lastKnownFileType = file.storyboard; name = Base; path = Base.lproj/Main.storyboard; sourceTree = "<group>"; };
		CC1154F424501DB8004C15B8 /* Assets.xcassets */ = {isa = PBXFileReference; lastKnownFileType = folder.assetcatalog; path = Assets.xcassets; sourceTree = "<group>"; };
		CC1154F724501DB8004C15B8 /* Base */ = {isa = PBXFileReference; lastKnownFileType = file.storyboard; name = Base; path = Base.lproj/LaunchScreen.storyboard; sourceTree = "<group>"; };
		CC1154F924501DB8004C15B8 /* Info.plist */ = {isa = PBXFileReference; lastKnownFileType = text.plist.xml; path = Info.plist; sourceTree = "<group>"; };
		CC1154FE24501DB8004C15B8 /* iOS_FirstWeek_Seminar_Ass2_LoginTests.xctest */ = {isa = PBXFileReference; explicitFileType = wrapper.cfbundle; includeInIndex = 0; path = iOS_FirstWeek_Seminar_Ass2_LoginTests.xctest; sourceTree = BUILT_PRODUCTS_DIR; };
		CC11550224501DB8004C15B8 /* iOS_FirstWeek_Seminar_Ass2_LoginTests.swift */ = {isa = PBXFileReference; lastKnownFileType = sourcecode.swift; path = iOS_FirstWeek_Seminar_Ass2_LoginTests.swift; sourceTree = "<group>"; };
		CC11550424501DB8004C15B8 /* Info.plist */ = {isa = PBXFileReference; lastKnownFileType = text.plist.xml; path = Info.plist; sourceTree = "<group>"; };
		CC11550924501DB8004C15B8 /* iOS_FirstWeek_Seminar_Ass2_LoginUITests.xctest */ = {isa = PBXFileReference; explicitFileType = wrapper.cfbundle; includeInIndex = 0; path = iOS_FirstWeek_Seminar_Ass2_LoginUITests.xctest; sourceTree = BUILT_PRODUCTS_DIR; };
		CC11550D24501DB8004C15B8 /* iOS_FirstWeek_Seminar_Ass2_LoginUITests.swift */ = {isa = PBXFileReference; lastKnownFileType = sourcecode.swift; path = iOS_FirstWeek_Seminar_Ass2_LoginUITests.swift; sourceTree = "<group>"; };
		CC11550F24501DB8004C15B8 /* Info.plist */ = {isa = PBXFileReference; lastKnownFileType = text.plist.xml; path = Info.plist; sourceTree = "<group>"; };
		CC11551B245025B4004C15B8 /* LoginViewController.swift */ = {isa = PBXFileReference; lastKnownFileType = sourcecode.swift; path = LoginViewController.swift; sourceTree = "<group>"; };
		CC11551D2450266B004C15B8 /* MainViewController.swift */ = {isa = PBXFileReference; lastKnownFileType = sourcecode.swift; path = MainViewController.swift; sourceTree = "<group>"; };
		CC11551F24502692004C15B8 /* SignUpViewController.swift */ = {isa = PBXFileReference; lastKnownFileType = sourcecode.swift; path = SignUpViewController.swift; sourceTree = "<group>"; };
		CC1B4D54246EB28B0026B5F6 /* TalkCell.swift */ = {isa = PBXFileReference; lastKnownFileType = sourcecode.swift; path = TalkCell.swift; sourceTree = "<group>"; };
		CC1B4D56246EB3A60026B5F6 /* TalkInformation.swift */ = {isa = PBXFileReference; lastKnownFileType = sourcecode.swift; path = TalkInformation.swift; sourceTree = "<group>"; };
		CC1B4D5D246FBC5E0026B5F6 /* APIConstants.swift */ = {isa = PBXFileReference; lastKnownFileType = sourcecode.swift; path = APIConstants.swift; sourceTree = "<group>"; };
		CC1B4D60246FBE620026B5F6 /* SigninData.swift */ = {isa = PBXFileReference; lastKnownFileType = sourcecode.swift; path = SigninData.swift; sourceTree = "<group>"; };
		CC1B4D62246FBFE30026B5F6 /* NetworkResult.swift */ = {isa = PBXFileReference; lastKnownFileType = sourcecode.swift; path = NetworkResult.swift; sourceTree = "<group>"; };
		CC1B4D64246FC0140026B5F6 /* LoginService.swift */ = {isa = PBXFileReference; lastKnownFileType = sourcecode.swift; path = LoginService.swift; sourceTree = "<group>"; };
		CC5E1123245958B200CDEC07 /* PaddingField.swift */ = {isa = PBXFileReference; lastKnownFileType = sourcecode.swift; path = PaddingField.swift; sourceTree = "<group>"; };
		CC5E11252459618200CDEC07 /* PaddingButton.swift */ = {isa = PBXFileReference; lastKnownFileType = sourcecode.swift; path = PaddingButton.swift; sourceTree = "<group>"; };
		CC5E1127245AC4A900CDEC07 /* KoPubWorld Dotum_Pro Bold.otf */ = {isa = PBXFileReference; lastKnownFileType = file; path = "KoPubWorld Dotum_Pro Bold.otf"; sourceTree = "<group>"; };
		CCA40DC9246A97A1008B81ED /* FriendViewController.swift */ = {isa = PBXFileReference; lastKnownFileType = sourcecode.swift; path = FriendViewController.swift; sourceTree = "<group>"; };
		CCD9542F246FD16200A97A7B /* SignupData.swift */ = {isa = PBXFileReference; lastKnownFileType = sourcecode.swift; path = SignupData.swift; sourceTree = "<group>"; };
		CCD95431246FD72700A97A7B /* SignupService.swift */ = {isa = PBXFileReference; lastKnownFileType = sourcecode.swift; path = SignupService.swift; sourceTree = "<group>"; };
		D3947D80CDE4146DC1F2D347 /* Pods-iOS_FirstWeek_Seminar_Ass2_Login-iOS_FirstWeek_Seminar_Ass2_LoginUITests.debug.xcconfig */ = {isa = PBXFileReference; includeInIndex = 1; lastKnownFileType = text.xcconfig; name = "Pods-iOS_FirstWeek_Seminar_Ass2_Login-iOS_FirstWeek_Seminar_Ass2_LoginUITests.debug.xcconfig"; path = "Target Support Files/Pods-iOS_FirstWeek_Seminar_Ass2_Login-iOS_FirstWeek_Seminar_Ass2_LoginUITests/Pods-iOS_FirstWeek_Seminar_Ass2_Login-iOS_FirstWeek_Seminar_Ass2_LoginUITests.debug.xcconfig"; sourceTree = "<group>"; };
		E53DE78E8D8D8C72B5E926EE /* Pods_iOS_FirstWeek_Seminar_Ass2_Login.framework */ = {isa = PBXFileReference; explicitFileType = wrapper.framework; includeInIndex = 0; path = Pods_iOS_FirstWeek_Seminar_Ass2_Login.framework; sourceTree = BUILT_PRODUCTS_DIR; };
/* End PBXFileReference section */

/* Begin PBXFrameworksBuildPhase section */
		CC1154E524501DB6004C15B8 /* Frameworks */ = {
			isa = PBXFrameworksBuildPhase;
			buildActionMask = 2147483647;
			files = (
				8A2EBDC8CDB2A609C6454865 /* Pods_iOS_FirstWeek_Seminar_Ass2_Login.framework in Frameworks */,
			);
			runOnlyForDeploymentPostprocessing = 0;
		};
		CC1154FB24501DB8004C15B8 /* Frameworks */ = {
			isa = PBXFrameworksBuildPhase;
			buildActionMask = 2147483647;
			files = (
				6484CF67312D48D67CB39A8C /* Pods_iOS_FirstWeek_Seminar_Ass2_LoginTests.framework in Frameworks */,
			);
			runOnlyForDeploymentPostprocessing = 0;
		};
		CC11550624501DB8004C15B8 /* Frameworks */ = {
			isa = PBXFrameworksBuildPhase;
			buildActionMask = 2147483647;
			files = (
				2DB17E0457832634282AEE0D /* Pods_iOS_FirstWeek_Seminar_Ass2_Login_iOS_FirstWeek_Seminar_Ass2_LoginUITests.framework in Frameworks */,
			);
			runOnlyForDeploymentPostprocessing = 0;
		};
/* End PBXFrameworksBuildPhase section */

/* Begin PBXGroup section */
		0FC3B6B6C629E85802E2D421 /* Pods */ = {
			isa = PBXGroup;
			children = (
				11D2F264B3F4F7BC1A47006B /* Pods-iOS_FirstWeek_Seminar_Ass2_Login.debug.xcconfig */,
				3C6FA0DB36811BE278184E27 /* Pods-iOS_FirstWeek_Seminar_Ass2_Login.release.xcconfig */,
				D3947D80CDE4146DC1F2D347 /* Pods-iOS_FirstWeek_Seminar_Ass2_Login-iOS_FirstWeek_Seminar_Ass2_LoginUITests.debug.xcconfig */,
				9CAB25557A8057F809D6BDBC /* Pods-iOS_FirstWeek_Seminar_Ass2_Login-iOS_FirstWeek_Seminar_Ass2_LoginUITests.release.xcconfig */,
				3F97E071FC6241FBBDF300DC /* Pods-iOS_FirstWeek_Seminar_Ass2_LoginTests.debug.xcconfig */,
				03EDB2EE5AE1CE6C296267AD /* Pods-iOS_FirstWeek_Seminar_Ass2_LoginTests.release.xcconfig */,
			);
			path = Pods;
			sourceTree = "<group>";
		};
		61B39386DBCA640F04D7C6F7 /* Frameworks */ = {
			isa = PBXGroup;
			children = (
				E53DE78E8D8D8C72B5E926EE /* Pods_iOS_FirstWeek_Seminar_Ass2_Login.framework */,
				430E80418761E78528E52342 /* Pods_iOS_FirstWeek_Seminar_Ass2_Login_iOS_FirstWeek_Seminar_Ass2_LoginUITests.framework */,
				8522E88FF7D306425A2FDDE2 /* Pods_iOS_FirstWeek_Seminar_Ass2_LoginTests.framework */,
			);
			name = Frameworks;
			sourceTree = "<group>";
		};
		CC1154DF24501DB6004C15B8 = {
			isa = PBXGroup;
			children = (
				CC1154EA24501DB6004C15B8 /* iOS_FirstWeek_Seminar_Ass2_Login */,
				CC11550124501DB8004C15B8 /* iOS_FirstWeek_Seminar_Ass2_LoginTests */,
				CC11550C24501DB8004C15B8 /* iOS_FirstWeek_Seminar_Ass2_LoginUITests */,
				CC1154E924501DB6004C15B8 /* Products */,
				0FC3B6B6C629E85802E2D421 /* Pods */,
				61B39386DBCA640F04D7C6F7 /* Frameworks */,
			);
			sourceTree = "<group>";
		};
		CC1154E924501DB6004C15B8 /* Products */ = {
			isa = PBXGroup;
			children = (
				CC1154E824501DB6004C15B8 /* iOS_FirstWeek_Seminar_Ass2_Login.app */,
				CC1154FE24501DB8004C15B8 /* iOS_FirstWeek_Seminar_Ass2_LoginTests.xctest */,
				CC11550924501DB8004C15B8 /* iOS_FirstWeek_Seminar_Ass2_LoginUITests.xctest */,
			);
			name = Products;
			sourceTree = "<group>";
		};
		CC1154EA24501DB6004C15B8 /* iOS_FirstWeek_Seminar_Ass2_Login */ = {
			isa = PBXGroup;
			children = (
				CC1B4D58246FACC80026B5F6 /* Resources */,
				CC1B4D59246FAD0B0026B5F6 /* Sources */,
				CC5E1127245AC4A900CDEC07 /* KoPubWorld Dotum_Pro Bold.otf */,
				CC1154F924501DB8004C15B8 /* Info.plist */,
			);
			path = iOS_FirstWeek_Seminar_Ass2_Login;
			sourceTree = "<group>";
		};
		CC11550124501DB8004C15B8 /* iOS_FirstWeek_Seminar_Ass2_LoginTests */ = {
			isa = PBXGroup;
			children = (
				CC11550224501DB8004C15B8 /* iOS_FirstWeek_Seminar_Ass2_LoginTests.swift */,
				CC11550424501DB8004C15B8 /* Info.plist */,
			);
			path = iOS_FirstWeek_Seminar_Ass2_LoginTests;
			sourceTree = "<group>";
		};
		CC11550C24501DB8004C15B8 /* iOS_FirstWeek_Seminar_Ass2_LoginUITests */ = {
			isa = PBXGroup;
			children = (
				CC11550D24501DB8004C15B8 /* iOS_FirstWeek_Seminar_Ass2_LoginUITests.swift */,
				CC11550F24501DB8004C15B8 /* Info.plist */,
			);
			path = iOS_FirstWeek_Seminar_Ass2_LoginUITests;
			sourceTree = "<group>";
		};
		CC1B4D58246FACC80026B5F6 /* Resources */ = {
			isa = PBXGroup;
			children = (
				CC1B4D5F246FBD6F0026B5F6 /* APISources */,
				CC1B4D5B246FAD640026B5F6 /* Storyboards */,
				CC1154F424501DB8004C15B8 /* Assets.xcassets */,
			);
			path = Resources;
			sourceTree = "<group>";
		};
		CC1B4D59246FAD0B0026B5F6 /* Sources */ = {
			isa = PBXGroup;
			children = (
				CC1B4D5A246FAD3A0026B5F6 /* ViewController */,
				CC1B4D5C246FAE040026B5F6 /* Cell */,
				CC1154EB24501DB6004C15B8 /* AppDelegate.swift */,
				CC1154ED24501DB6004C15B8 /* SceneDelegate.swift */,
				CC5E1123245958B200CDEC07 /* PaddingField.swift */,
				CC5E11252459618200CDEC07 /* PaddingButton.swift */,
			);
			path = Sources;
			sourceTree = "<group>";
		};
		CC1B4D5A246FAD3A0026B5F6 /* ViewController */ = {
			isa = PBXGroup;
			children = (
				CC11551B245025B4004C15B8 /* LoginViewController.swift */,
				CC11551D2450266B004C15B8 /* MainViewController.swift */,
				CC1154EF24501DB6004C15B8 /* ViewController.swift */,
				CC11551F24502692004C15B8 /* SignUpViewController.swift */,
				CCA40DC9246A97A1008B81ED /* FriendViewController.swift */,
			);
			path = ViewController;
			sourceTree = "<group>";
		};
		CC1B4D5B246FAD640026B5F6 /* Storyboards */ = {
			isa = PBXGroup;
			children = (
				CC1154F124501DB6004C15B8 /* Main.storyboard */,
				CC1154F624501DB8004C15B8 /* LaunchScreen.storyboard */,
			);
			path = Storyboards;
			sourceTree = "<group>";
		};
		CC1B4D5C246FAE040026B5F6 /* Cell */ = {
			isa = PBXGroup;
			children = (
				CC1B4D54246EB28B0026B5F6 /* TalkCell.swift */,
				CC1B4D56246EB3A60026B5F6 /* TalkInformation.swift */,
			);
			path = Cell;
			sourceTree = "<group>";
		};
		CC1B4D5F246FBD6F0026B5F6 /* APISources */ = {
			isa = PBXGroup;
			children = (
				CC1B4D5D246FBC5E0026B5F6 /* APIConstants.swift */,
				CCD9542F246FD16200A97A7B /* SignupData.swift */,
				CC1B4D60246FBE620026B5F6 /* SigninData.swift */,
				CC1B4D62246FBFE30026B5F6 /* NetworkResult.swift */,
				CC1B4D64246FC0140026B5F6 /* LoginService.swift */,
				CCD95431246FD72700A97A7B /* SignupService.swift */,
			);
			path = APISources;
			sourceTree = "<group>";
		};
/* End PBXGroup section */

/* Begin PBXNativeTarget section */
		CC1154E724501DB6004C15B8 /* iOS_FirstWeek_Seminar_Ass2_Login */ = {
			isa = PBXNativeTarget;
			buildConfigurationList = CC11551224501DB8004C15B8 /* Build configuration list for PBXNativeTarget "iOS_FirstWeek_Seminar_Ass2_Login" */;
			buildPhases = (
				B457C5E67A544E57FD9679BC /* [CP] Check Pods Manifest.lock */,
				CC1154E424501DB6004C15B8 /* Sources */,
				CC1154E524501DB6004C15B8 /* Frameworks */,
				CC1154E624501DB6004C15B8 /* Resources */,
				8D3C09918B611410C44542A9 /* [CP] Embed Pods Frameworks */,
			);
			buildRules = (
			);
			dependencies = (
			);
			name = iOS_FirstWeek_Seminar_Ass2_Login;
			productName = iOS_FirstWeek_Seminar_Ass2_Login;
			productReference = CC1154E824501DB6004C15B8 /* iOS_FirstWeek_Seminar_Ass2_Login.app */;
			productType = "com.apple.product-type.application";
		};
		CC1154FD24501DB8004C15B8 /* iOS_FirstWeek_Seminar_Ass2_LoginTests */ = {
			isa = PBXNativeTarget;
			buildConfigurationList = CC11551524501DB8004C15B8 /* Build configuration list for PBXNativeTarget "iOS_FirstWeek_Seminar_Ass2_LoginTests" */;
			buildPhases = (
				41DAC012120364C90B94926E /* [CP] Check Pods Manifest.lock */,
				CC1154FA24501DB8004C15B8 /* Sources */,
				CC1154FB24501DB8004C15B8 /* Frameworks */,
				CC1154FC24501DB8004C15B8 /* Resources */,
			);
			buildRules = (
			);
			dependencies = (
				CC11550024501DB8004C15B8 /* PBXTargetDependency */,
			);
			name = iOS_FirstWeek_Seminar_Ass2_LoginTests;
			productName = iOS_FirstWeek_Seminar_Ass2_LoginTests;
			productReference = CC1154FE24501DB8004C15B8 /* iOS_FirstWeek_Seminar_Ass2_LoginTests.xctest */;
			productType = "com.apple.product-type.bundle.unit-test";
		};
		CC11550824501DB8004C15B8 /* iOS_FirstWeek_Seminar_Ass2_LoginUITests */ = {
			isa = PBXNativeTarget;
			buildConfigurationList = CC11551824501DB8004C15B8 /* Build configuration list for PBXNativeTarget "iOS_FirstWeek_Seminar_Ass2_LoginUITests" */;
			buildPhases = (
				7F0AF944F1008BCC2D3B8F64 /* [CP] Check Pods Manifest.lock */,
				CC11550524501DB8004C15B8 /* Sources */,
				CC11550624501DB8004C15B8 /* Frameworks */,
				CC11550724501DB8004C15B8 /* Resources */,
				726553AD1296AEA29D6F72F4 /* [CP] Embed Pods Frameworks */,
			);
			buildRules = (
			);
			dependencies = (
				CC11550B24501DB8004C15B8 /* PBXTargetDependency */,
			);
			name = iOS_FirstWeek_Seminar_Ass2_LoginUITests;
			productName = iOS_FirstWeek_Seminar_Ass2_LoginUITests;
			productReference = CC11550924501DB8004C15B8 /* iOS_FirstWeek_Seminar_Ass2_LoginUITests.xctest */;
			productType = "com.apple.product-type.bundle.ui-testing";
		};
/* End PBXNativeTarget section */

/* Begin PBXProject section */
		CC1154E024501DB6004C15B8 /* Project object */ = {
			isa = PBXProject;
			attributes = {
				LastSwiftUpdateCheck = 1140;
				LastUpgradeCheck = 1140;
				ORGANIZATIONNAME = "노한솔";
				TargetAttributes = {
					CC1154E724501DB6004C15B8 = {
						CreatedOnToolsVersion = 11.4.1;
					};
					CC1154FD24501DB8004C15B8 = {
						CreatedOnToolsVersion = 11.4.1;
						TestTargetID = CC1154E724501DB6004C15B8;
					};
					CC11550824501DB8004C15B8 = {
						CreatedOnToolsVersion = 11.4.1;
						TestTargetID = CC1154E724501DB6004C15B8;
					};
				};
			};
			buildConfigurationList = CC1154E324501DB6004C15B8 /* Build configuration list for PBXProject "iOS_FirstWeek_Seminar_Ass2_Login" */;
			compatibilityVersion = "Xcode 9.3";
			developmentRegion = en;
			hasScannedForEncodings = 0;
			knownRegions = (
				en,
				Base,
			);
			mainGroup = CC1154DF24501DB6004C15B8;
			productRefGroup = CC1154E924501DB6004C15B8 /* Products */;
			projectDirPath = "";
			projectRoot = "";
			targets = (
				CC1154E724501DB6004C15B8 /* iOS_FirstWeek_Seminar_Ass2_Login */,
				CC1154FD24501DB8004C15B8 /* iOS_FirstWeek_Seminar_Ass2_LoginTests */,
				CC11550824501DB8004C15B8 /* iOS_FirstWeek_Seminar_Ass2_LoginUITests */,
			);
		};
/* End PBXProject section */

/* Begin PBXResourcesBuildPhase section */
		CC1154E624501DB6004C15B8 /* Resources */ = {
			isa = PBXResourcesBuildPhase;
			buildActionMask = 2147483647;
			files = (
				CC1154F824501DB8004C15B8 /* LaunchScreen.storyboard in Resources */,
				CC1154F524501DB8004C15B8 /* Assets.xcassets in Resources */,
				CC1154F324501DB6004C15B8 /* Main.storyboard in Resources */,
				CC5E1128245AC4A900CDEC07 /* KoPubWorld Dotum_Pro Bold.otf in Resources */,
			);
			runOnlyForDeploymentPostprocessing = 0;
		};
		CC1154FC24501DB8004C15B8 /* Resources */ = {
			isa = PBXResourcesBuildPhase;
			buildActionMask = 2147483647;
			files = (
				CC5E1129245AC4A900CDEC07 /* KoPubWorld Dotum_Pro Bold.otf in Resources */,
			);
			runOnlyForDeploymentPostprocessing = 0;
		};
		CC11550724501DB8004C15B8 /* Resources */ = {
			isa = PBXResourcesBuildPhase;
			buildActionMask = 2147483647;
			files = (
				CC5E112A245AC4A900CDEC07 /* KoPubWorld Dotum_Pro Bold.otf in Resources */,
			);
			runOnlyForDeploymentPostprocessing = 0;
		};
/* End PBXResourcesBuildPhase section */

/* Begin PBXShellScriptBuildPhase section */
		41DAC012120364C90B94926E /* [CP] Check Pods Manifest.lock */ = {
			isa = PBXShellScriptBuildPhase;
			buildActionMask = 2147483647;
			files = (
			);
			inputFileListPaths = (
			);
			inputPaths = (
				"${PODS_PODFILE_DIR_PATH}/Podfile.lock",
				"${PODS_ROOT}/Manifest.lock",
			);
			name = "[CP] Check Pods Manifest.lock";
			outputFileListPaths = (
			);
			outputPaths = (
				"$(DERIVED_FILE_DIR)/Pods-iOS_FirstWeek_Seminar_Ass2_LoginTests-checkManifestLockResult.txt",
			);
			runOnlyForDeploymentPostprocessing = 0;
			shellPath = /bin/sh;
			shellScript = "diff \"${PODS_PODFILE_DIR_PATH}/Podfile.lock\" \"${PODS_ROOT}/Manifest.lock\" > /dev/null\nif [ $? != 0 ] ; then\n    # print error to STDERR\n    echo \"error: The sandbox is not in sync with the Podfile.lock. Run 'pod install' or update your CocoaPods installation.\" >&2\n    exit 1\nfi\n# This output is used by Xcode 'outputs' to avoid re-running this script phase.\necho \"SUCCESS\" > \"${SCRIPT_OUTPUT_FILE_0}\"\n";
			showEnvVarsInLog = 0;
		};
		726553AD1296AEA29D6F72F4 /* [CP] Embed Pods Frameworks */ = {
			isa = PBXShellScriptBuildPhase;
			buildActionMask = 2147483647;
			files = (
			);
			inputFileListPaths = (
				"${PODS_ROOT}/Target Support Files/Pods-iOS_FirstWeek_Seminar_Ass2_Login-iOS_FirstWeek_Seminar_Ass2_LoginUITests/Pods-iOS_FirstWeek_Seminar_Ass2_Login-iOS_FirstWeek_Seminar_Ass2_LoginUITests-frameworks-${CONFIGURATION}-input-files.xcfilelist",
			);
			name = "[CP] Embed Pods Frameworks";
			outputFileListPaths = (
				"${PODS_ROOT}/Target Support Files/Pods-iOS_FirstWeek_Seminar_Ass2_Login-iOS_FirstWeek_Seminar_Ass2_LoginUITests/Pods-iOS_FirstWeek_Seminar_Ass2_Login-iOS_FirstWeek_Seminar_Ass2_LoginUITests-frameworks-${CONFIGURATION}-output-files.xcfilelist",
			);
			runOnlyForDeploymentPostprocessing = 0;
			shellPath = /bin/sh;
			shellScript = "\"${PODS_ROOT}/Target Support Files/Pods-iOS_FirstWeek_Seminar_Ass2_Login-iOS_FirstWeek_Seminar_Ass2_LoginUITests/Pods-iOS_FirstWeek_Seminar_Ass2_Login-iOS_FirstWeek_Seminar_Ass2_LoginUITests-frameworks.sh\"\n";
			showEnvVarsInLog = 0;
		};
		7F0AF944F1008BCC2D3B8F64 /* [CP] Check Pods Manifest.lock */ = {
			isa = PBXShellScriptBuildPhase;
			buildActionMask = 2147483647;
			files = (
			);
			inputFileListPaths = (
			);
			inputPaths = (
				"${PODS_PODFILE_DIR_PATH}/Podfile.lock",
				"${PODS_ROOT}/Manifest.lock",
			);
			name = "[CP] Check Pods Manifest.lock";
			outputFileListPaths = (
			);
			outputPaths = (
				"$(DERIVED_FILE_DIR)/Pods-iOS_FirstWeek_Seminar_Ass2_Login-iOS_FirstWeek_Seminar_Ass2_LoginUITests-checkManifestLockResult.txt",
			);
			runOnlyForDeploymentPostprocessing = 0;
			shellPath = /bin/sh;
			shellScript = "diff \"${PODS_PODFILE_DIR_PATH}/Podfile.lock\" \"${PODS_ROOT}/Manifest.lock\" > /dev/null\nif [ $? != 0 ] ; then\n    # print error to STDERR\n    echo \"error: The sandbox is not in sync with the Podfile.lock. Run 'pod install' or update your CocoaPods installation.\" >&2\n    exit 1\nfi\n# This output is used by Xcode 'outputs' to avoid re-running this script phase.\necho \"SUCCESS\" > \"${SCRIPT_OUTPUT_FILE_0}\"\n";
			showEnvVarsInLog = 0;
		};
		8D3C09918B611410C44542A9 /* [CP] Embed Pods Frameworks */ = {
			isa = PBXShellScriptBuildPhase;
			buildActionMask = 2147483647;
			files = (
			);
			inputFileListPaths = (
				"${PODS_ROOT}/Target Support Files/Pods-iOS_FirstWeek_Seminar_Ass2_Login/Pods-iOS_FirstWeek_Seminar_Ass2_Login-frameworks-${CONFIGURATION}-input-files.xcfilelist",
			);
			name = "[CP] Embed Pods Frameworks";
			outputFileListPaths = (
				"${PODS_ROOT}/Target Support Files/Pods-iOS_FirstWeek_Seminar_Ass2_Login/Pods-iOS_FirstWeek_Seminar_Ass2_Login-frameworks-${CONFIGURATION}-output-files.xcfilelist",
			);
			runOnlyForDeploymentPostprocessing = 0;
			shellPath = /bin/sh;
			shellScript = "\"${PODS_ROOT}/Target Support Files/Pods-iOS_FirstWeek_Seminar_Ass2_Login/Pods-iOS_FirstWeek_Seminar_Ass2_Login-frameworks.sh\"\n";
			showEnvVarsInLog = 0;
		};
		B457C5E67A544E57FD9679BC /* [CP] Check Pods Manifest.lock */ = {
			isa = PBXShellScriptBuildPhase;
			buildActionMask = 2147483647;
			files = (
			);
			inputFileListPaths = (
			);
			inputPaths = (
				"${PODS_PODFILE_DIR_PATH}/Podfile.lock",
				"${PODS_ROOT}/Manifest.lock",
			);
			name = "[CP] Check Pods Manifest.lock";
			outputFileListPaths = (
			);
			outputPaths = (
				"$(DERIVED_FILE_DIR)/Pods-iOS_FirstWeek_Seminar_Ass2_Login-checkManifestLockResult.txt",
			);
			runOnlyForDeploymentPostprocessing = 0;
			shellPath = /bin/sh;
			shellScript = "diff \"${PODS_PODFILE_DIR_PATH}/Podfile.lock\" \"${PODS_ROOT}/Manifest.lock\" > /dev/null\nif [ $? != 0 ] ; then\n    # print error to STDERR\n    echo \"error: The sandbox is not in sync with the Podfile.lock. Run 'pod install' or update your CocoaPods installation.\" >&2\n    exit 1\nfi\n# This output is used by Xcode 'outputs' to avoid re-running this script phase.\necho \"SUCCESS\" > \"${SCRIPT_OUTPUT_FILE_0}\"\n";
			showEnvVarsInLog = 0;
		};
/* End PBXShellScriptBuildPhase section */

/* Begin PBXSourcesBuildPhase section */
		CC1154E424501DB6004C15B8 /* Sources */ = {
			isa = PBXSourcesBuildPhase;
			buildActionMask = 2147483647;
			files = (
				CC11552024502692004C15B8 /* SignUpViewController.swift in Sources */,
				CC5E11262459618200CDEC07 /* PaddingButton.swift in Sources */,
				CC11551C245025B5004C15B8 /* LoginViewController.swift in Sources */,
				CCD95432246FD72700A97A7B /* SignupService.swift in Sources */,
				CC1154F024501DB6004C15B8 /* ViewController.swift in Sources */,
				CC5E1124245958B200CDEC07 /* PaddingField.swift in Sources */,
				CC1154EC24501DB6004C15B8 /* AppDelegate.swift in Sources */,
				CC1B4D57246EB3A60026B5F6 /* TalkInformation.swift in Sources */,
				CC1B4D65246FC0140026B5F6 /* LoginService.swift in Sources */,
				CCA40DCA246A97A1008B81ED /* FriendViewController.swift in Sources */,
				CC1B4D5E246FBC5E0026B5F6 /* APIConstants.swift in Sources */,
				CC1154EE24501DB6004C15B8 /* SceneDelegate.swift in Sources */,
				CCD95430246FD16200A97A7B /* SignupData.swift in Sources */,
				CC11551E2450266B004C15B8 /* MainViewController.swift in Sources */,
				CC1B4D55246EB28B0026B5F6 /* TalkCell.swift in Sources */,
				CC1B4D61246FBE620026B5F6 /* SigninData.swift in Sources */,
				CC1B4D63246FBFE30026B5F6 /* NetworkResult.swift in Sources */,
			);
			runOnlyForDeploymentPostprocessing = 0;
		};
		CC1154FA24501DB8004C15B8 /* Sources */ = {
			isa = PBXSourcesBuildPhase;
			buildActionMask = 2147483647;
			files = (
				CC11550324501DB8004C15B8 /* iOS_FirstWeek_Seminar_Ass2_LoginTests.swift in Sources */,
			);
			runOnlyForDeploymentPostprocessing = 0;
		};
		CC11550524501DB8004C15B8 /* Sources */ = {
			isa = PBXSourcesBuildPhase;
			buildActionMask = 2147483647;
			files = (
				CC11550E24501DB8004C15B8 /* iOS_FirstWeek_Seminar_Ass2_LoginUITests.swift in Sources */,
			);
			runOnlyForDeploymentPostprocessing = 0;
		};
/* End PBXSourcesBuildPhase section */

/* Begin PBXTargetDependency section */
		CC11550024501DB8004C15B8 /* PBXTargetDependency */ = {
			isa = PBXTargetDependency;
			target = CC1154E724501DB6004C15B8 /* iOS_FirstWeek_Seminar_Ass2_Login */;
			targetProxy = CC1154FF24501DB8004C15B8 /* PBXContainerItemProxy */;
		};
		CC11550B24501DB8004C15B8 /* PBXTargetDependency */ = {
			isa = PBXTargetDependency;
			target = CC1154E724501DB6004C15B8 /* iOS_FirstWeek_Seminar_Ass2_Login */;
			targetProxy = CC11550A24501DB8004C15B8 /* PBXContainerItemProxy */;
		};
/* End PBXTargetDependency section */

/* Begin PBXVariantGroup section */
		CC1154F124501DB6004C15B8 /* Main.storyboard */ = {
			isa = PBXVariantGroup;
			children = (
				CC1154F224501DB6004C15B8 /* Base */,
			);
			name = Main.storyboard;
			sourceTree = "<group>";
		};
		CC1154F624501DB8004C15B8 /* LaunchScreen.storyboard */ = {
			isa = PBXVariantGroup;
			children = (
				CC1154F724501DB8004C15B8 /* Base */,
			);
			name = LaunchScreen.storyboard;
			sourceTree = "<group>";
		};
/* End PBXVariantGroup section */

/* Begin XCBuildConfiguration section */
		CC11551024501DB8004C15B8 /* Debug */ = {
			isa = XCBuildConfiguration;
			buildSettings = {
				ALWAYS_SEARCH_USER_PATHS = NO;
				CLANG_ANALYZER_NONNULL = YES;
				CLANG_ANALYZER_NUMBER_OBJECT_CONVERSION = YES_AGGRESSIVE;
				CLANG_CXX_LANGUAGE_STANDARD = "gnu++14";
				CLANG_CXX_LIBRARY = "libc++";
				CLANG_ENABLE_MODULES = YES;
				CLANG_ENABLE_OBJC_ARC = YES;
				CLANG_ENABLE_OBJC_WEAK = YES;
				CLANG_WARN_BLOCK_CAPTURE_AUTORELEASING = YES;
				CLANG_WARN_BOOL_CONVERSION = YES;
				CLANG_WARN_COMMA = YES;
				CLANG_WARN_CONSTANT_CONVERSION = YES;
				CLANG_WARN_DEPRECATED_OBJC_IMPLEMENTATIONS = YES;
				CLANG_WARN_DIRECT_OBJC_ISA_USAGE = YES_ERROR;
				CLANG_WARN_DOCUMENTATION_COMMENTS = YES;
				CLANG_WARN_EMPTY_BODY = YES;
				CLANG_WARN_ENUM_CONVERSION = YES;
				CLANG_WARN_INFINITE_RECURSION = YES;
				CLANG_WARN_INT_CONVERSION = YES;
				CLANG_WARN_NON_LITERAL_NULL_CONVERSION = YES;
				CLANG_WARN_OBJC_IMPLICIT_RETAIN_SELF = YES;
				CLANG_WARN_OBJC_LITERAL_CONVERSION = YES;
				CLANG_WARN_OBJC_ROOT_CLASS = YES_ERROR;
				CLANG_WARN_RANGE_LOOP_ANALYSIS = YES;
				CLANG_WARN_STRICT_PROTOTYPES = YES;
				CLANG_WARN_SUSPICIOUS_MOVE = YES;
				CLANG_WARN_UNGUARDED_AVAILABILITY = YES_AGGRESSIVE;
				CLANG_WARN_UNREACHABLE_CODE = YES;
				CLANG_WARN__DUPLICATE_METHOD_MATCH = YES;
				COPY_PHASE_STRIP = NO;
				DEBUG_INFORMATION_FORMAT = dwarf;
				ENABLE_STRICT_OBJC_MSGSEND = YES;
				ENABLE_TESTABILITY = YES;
				GCC_C_LANGUAGE_STANDARD = gnu11;
				GCC_DYNAMIC_NO_PIC = NO;
				GCC_NO_COMMON_BLOCKS = YES;
				GCC_OPTIMIZATION_LEVEL = 0;
				GCC_PREPROCESSOR_DEFINITIONS = (
					"DEBUG=1",
					"$(inherited)",
				);
				GCC_WARN_64_TO_32_BIT_CONVERSION = YES;
				GCC_WARN_ABOUT_RETURN_TYPE = YES_ERROR;
				GCC_WARN_UNDECLARED_SELECTOR = YES;
				GCC_WARN_UNINITIALIZED_AUTOS = YES_AGGRESSIVE;
				GCC_WARN_UNUSED_FUNCTION = YES;
				GCC_WARN_UNUSED_VARIABLE = YES;
				IPHONEOS_DEPLOYMENT_TARGET = 13.4;
				MTL_ENABLE_DEBUG_INFO = INCLUDE_SOURCE;
				MTL_FAST_MATH = YES;
				ONLY_ACTIVE_ARCH = YES;
				SDKROOT = iphoneos;
				SWIFT_ACTIVE_COMPILATION_CONDITIONS = DEBUG;
				SWIFT_OPTIMIZATION_LEVEL = "-Onone";
			};
			name = Debug;
		};
		CC11551124501DB8004C15B8 /* Release */ = {
			isa = XCBuildConfiguration;
			buildSettings = {
				ALWAYS_SEARCH_USER_PATHS = NO;
				CLANG_ANALYZER_NONNULL = YES;
				CLANG_ANALYZER_NUMBER_OBJECT_CONVERSION = YES_AGGRESSIVE;
				CLANG_CXX_LANGUAGE_STANDARD = "gnu++14";
				CLANG_CXX_LIBRARY = "libc++";
				CLANG_ENABLE_MODULES = YES;
				CLANG_ENABLE_OBJC_ARC = YES;
				CLANG_ENABLE_OBJC_WEAK = YES;
				CLANG_WARN_BLOCK_CAPTURE_AUTORELEASING = YES;
				CLANG_WARN_BOOL_CONVERSION = YES;
				CLANG_WARN_COMMA = YES;
				CLANG_WARN_CONSTANT_CONVERSION = YES;
				CLANG_WARN_DEPRECATED_OBJC_IMPLEMENTATIONS = YES;
				CLANG_WARN_DIRECT_OBJC_ISA_USAGE = YES_ERROR;
				CLANG_WARN_DOCUMENTATION_COMMENTS = YES;
				CLANG_WARN_EMPTY_BODY = YES;
				CLANG_WARN_ENUM_CONVERSION = YES;
				CLANG_WARN_INFINITE_RECURSION = YES;
				CLANG_WARN_INT_CONVERSION = YES;
				CLANG_WARN_NON_LITERAL_NULL_CONVERSION = YES;
				CLANG_WARN_OBJC_IMPLICIT_RETAIN_SELF = YES;
				CLANG_WARN_OBJC_LITERAL_CONVERSION = YES;
				CLANG_WARN_OBJC_ROOT_CLASS = YES_ERROR;
				CLANG_WARN_RANGE_LOOP_ANALYSIS = YES;
				CLANG_WARN_STRICT_PROTOTYPES = YES;
				CLANG_WARN_SUSPICIOUS_MOVE = YES;
				CLANG_WARN_UNGUARDED_AVAILABILITY = YES_AGGRESSIVE;
				CLANG_WARN_UNREACHABLE_CODE = YES;
				CLANG_WARN__DUPLICATE_METHOD_MATCH = YES;
				COPY_PHASE_STRIP = NO;
				DEBUG_INFORMATION_FORMAT = "dwarf-with-dsym";
				ENABLE_NS_ASSERTIONS = NO;
				ENABLE_STRICT_OBJC_MSGSEND = YES;
				GCC_C_LANGUAGE_STANDARD = gnu11;
				GCC_NO_COMMON_BLOCKS = YES;
				GCC_WARN_64_TO_32_BIT_CONVERSION = YES;
				GCC_WARN_ABOUT_RETURN_TYPE = YES_ERROR;
				GCC_WARN_UNDECLARED_SELECTOR = YES;
				GCC_WARN_UNINITIALIZED_AUTOS = YES_AGGRESSIVE;
				GCC_WARN_UNUSED_FUNCTION = YES;
				GCC_WARN_UNUSED_VARIABLE = YES;
				IPHONEOS_DEPLOYMENT_TARGET = 13.4;
				MTL_ENABLE_DEBUG_INFO = NO;
				MTL_FAST_MATH = YES;
				SDKROOT = iphoneos;
				SWIFT_COMPILATION_MODE = wholemodule;
				SWIFT_OPTIMIZATION_LEVEL = "-O";
				VALIDATE_PRODUCT = YES;
			};
			name = Release;
		};
		CC11551324501DB8004C15B8 /* Debug */ = {
			isa = XCBuildConfiguration;
			baseConfigurationReference = 11D2F264B3F4F7BC1A47006B /* Pods-iOS_FirstWeek_Seminar_Ass2_Login.debug.xcconfig */;
			buildSettings = {
				ASSETCATALOG_COMPILER_APPICON_NAME = AppIcon;
				CODE_SIGN_STYLE = Automatic;
				INFOPLIST_FILE = iOS_FirstWeek_Seminar_Ass2_Login/Info.plist;
				LD_RUNPATH_SEARCH_PATHS = (
					"$(inherited)",
					"@executable_path/Frameworks",
				);
				PRODUCT_BUNDLE_IDENTIFIER = "ryan.iOS-FirstWeek-Seminar-Ass2-Login";
				PRODUCT_NAME = "$(TARGET_NAME)";
				SWIFT_VERSION = 5.0;
				TARGETED_DEVICE_FAMILY = "1,2";
			};
			name = Debug;
		};
		CC11551424501DB8004C15B8 /* Release */ = {
			isa = XCBuildConfiguration;
			baseConfigurationReference = 3C6FA0DB36811BE278184E27 /* Pods-iOS_FirstWeek_Seminar_Ass2_Login.release.xcconfig */;
			buildSettings = {
				ASSETCATALOG_COMPILER_APPICON_NAME = AppIcon;
				CODE_SIGN_STYLE = Automatic;
				INFOPLIST_FILE = iOS_FirstWeek_Seminar_Ass2_Login/Info.plist;
				LD_RUNPATH_SEARCH_PATHS = (
					"$(inherited)",
					"@executable_path/Frameworks",
				);
				PRODUCT_BUNDLE_IDENTIFIER = "ryan.iOS-FirstWeek-Seminar-Ass2-Login";
				PRODUCT_NAME = "$(TARGET_NAME)";
				SWIFT_VERSION = 5.0;
				TARGETED_DEVICE_FAMILY = "1,2";
			};
			name = Release;
		};
		CC11551624501DB8004C15B8 /* Debug */ = {
			isa = XCBuildConfiguration;
			baseConfigurationReference = 3F97E071FC6241FBBDF300DC /* Pods-iOS_FirstWeek_Seminar_Ass2_LoginTests.debug.xcconfig */;
			buildSettings = {
				ALWAYS_EMBED_SWIFT_STANDARD_LIBRARIES = YES;
				BUNDLE_LOADER = "$(TEST_HOST)";
				CODE_SIGN_STYLE = Automatic;
				INFOPLIST_FILE = iOS_FirstWeek_Seminar_Ass2_LoginTests/Info.plist;
				IPHONEOS_DEPLOYMENT_TARGET = 13.4;
				LD_RUNPATH_SEARCH_PATHS = (
					"$(inherited)",
					"@executable_path/Frameworks",
					"@loader_path/Frameworks",
				);
				PRODUCT_BUNDLE_IDENTIFIER = "ryan.iOS-FirstWeek-Seminar-Ass2-LoginTests";
				PRODUCT_NAME = "$(TARGET_NAME)";
				SWIFT_VERSION = 5.0;
				TARGETED_DEVICE_FAMILY = "1,2";
				TEST_HOST = "$(BUILT_PRODUCTS_DIR)/iOS_FirstWeek_Seminar_Ass2_Login.app/iOS_FirstWeek_Seminar_Ass2_Login";
			};
			name = Debug;
		};
		CC11551724501DB8004C15B8 /* Release */ = {
			isa = XCBuildConfiguration;
			baseConfigurationReference = 03EDB2EE5AE1CE6C296267AD /* Pods-iOS_FirstWeek_Seminar_Ass2_LoginTests.release.xcconfig */;
			buildSettings = {
				ALWAYS_EMBED_SWIFT_STANDARD_LIBRARIES = YES;
				BUNDLE_LOADER = "$(TEST_HOST)";
				CODE_SIGN_STYLE = Automatic;
				INFOPLIST_FILE = iOS_FirstWeek_Seminar_Ass2_LoginTests/Info.plist;
				IPHONEOS_DEPLOYMENT_TARGET = 13.4;
				LD_RUNPATH_SEARCH_PATHS = (
					"$(inherited)",
					"@executable_path/Frameworks",
					"@loader_path/Frameworks",
				);
				PRODUCT_BUNDLE_IDENTIFIER = "ryan.iOS-FirstWeek-Seminar-Ass2-LoginTests";
				PRODUCT_NAME = "$(TARGET_NAME)";
				SWIFT_VERSION = 5.0;
				TARGETED_DEVICE_FAMILY = "1,2";
				TEST_HOST = "$(BUILT_PRODUCTS_DIR)/iOS_FirstWeek_Seminar_Ass2_Login.app/iOS_FirstWeek_Seminar_Ass2_Login";
			};
			name = Release;
		};
		CC11551924501DB8004C15B8 /* Debug */ = {
			isa = XCBuildConfiguration;
			baseConfigurationReference = D3947D80CDE4146DC1F2D347 /* Pods-iOS_FirstWeek_Seminar_Ass2_Login-iOS_FirstWeek_Seminar_Ass2_LoginUITests.debug.xcconfig */;
			buildSettings = {
				ALWAYS_EMBED_SWIFT_STANDARD_LIBRARIES = YES;
				CODE_SIGN_STYLE = Automatic;
				INFOPLIST_FILE = iOS_FirstWeek_Seminar_Ass2_LoginUITests/Info.plist;
				LD_RUNPATH_SEARCH_PATHS = (
					"$(inherited)",
					"@executable_path/Frameworks",
					"@loader_path/Frameworks",
				);
				PRODUCT_BUNDLE_IDENTIFIER = "ryan.iOS-FirstWeek-Seminar-Ass2-LoginUITests";
				PRODUCT_NAME = "$(TARGET_NAME)";
				SWIFT_VERSION = 5.0;
				TARGETED_DEVICE_FAMILY = "1,2";
				TEST_TARGET_NAME = iOS_FirstWeek_Seminar_Ass2_Login;
			};
			name = Debug;
		};
		CC11551A24501DB8004C15B8 /* Release */ = {
			isa = XCBuildConfiguration;
			baseConfigurationReference = 9CAB25557A8057F809D6BDBC /* Pods-iOS_FirstWeek_Seminar_Ass2_Login-iOS_FirstWeek_Seminar_Ass2_LoginUITests.release.xcconfig */;
			buildSettings = {
				ALWAYS_EMBED_SWIFT_STANDARD_LIBRARIES = YES;
				CODE_SIGN_STYLE = Automatic;
				INFOPLIST_FILE = iOS_FirstWeek_Seminar_Ass2_LoginUITests/Info.plist;
				LD_RUNPATH_SEARCH_PATHS = (
					"$(inherited)",
					"@executable_path/Frameworks",
					"@loader_path/Frameworks",
				);
				PRODUCT_BUNDLE_IDENTIFIER = "ryan.iOS-FirstWeek-Seminar-Ass2-LoginUITests";
				PRODUCT_NAME = "$(TARGET_NAME)";
				SWIFT_VERSION = 5.0;
				TARGETED_DEVICE_FAMILY = "1,2";
				TEST_TARGET_NAME = iOS_FirstWeek_Seminar_Ass2_Login;
			};
			name = Release;
		};
/* End XCBuildConfiguration section */

/* Begin XCConfigurationList section */
		CC1154E324501DB6004C15B8 /* Build configuration list for PBXProject "iOS_FirstWeek_Seminar_Ass2_Login" */ = {
			isa = XCConfigurationList;
			buildConfigurations = (
				CC11551024501DB8004C15B8 /* Debug */,
				CC11551124501DB8004C15B8 /* Release */,
			);
			defaultConfigurationIsVisible = 0;
			defaultConfigurationName = Release;
		};
		CC11551224501DB8004C15B8 /* Build configuration list for PBXNativeTarget "iOS_FirstWeek_Seminar_Ass2_Login" */ = {
			isa = XCConfigurationList;
			buildConfigurations = (
				CC11551324501DB8004C15B8 /* Debug */,
				CC11551424501DB8004C15B8 /* Release */,
			);
			defaultConfigurationIsVisible = 0;
			defaultConfigurationName = Release;
		};
		CC11551524501DB8004C15B8 /* Build configuration list for PBXNativeTarget "iOS_FirstWeek_Seminar_Ass2_LoginTests" */ = {
			isa = XCConfigurationList;
			buildConfigurations = (
				CC11551624501DB8004C15B8 /* Debug */,
				CC11551724501DB8004C15B8 /* Release */,
			);
			defaultConfigurationIsVisible = 0;
			defaultConfigurationName = Release;
		};
		CC11551824501DB8004C15B8 /* Build configuration list for PBXNativeTarget "iOS_FirstWeek_Seminar_Ass2_LoginUITests" */ = {
			isa = XCConfigurationList;
			buildConfigurations = (
				CC11551924501DB8004C15B8 /* Debug */,
				CC11551A24501DB8004C15B8 /* Release */,
			);
			defaultConfigurationIsVisible = 0;
			defaultConfigurationName = Release;
		};
/* End XCConfigurationList section */
	};
	rootObject = CC1154E024501DB6004C15B8 /* Project object */;
}
