// !$*UTF8*$!
{
	archiveVersion = 1;
	classes = {
	};
	objectVersion = 50;
	objects = {

/* Begin PBXBuildFile section */
		CC10E64B24500D0D008AA1D8 /* AppDelegate.swift in Sources */ = {isa = PBXBuildFile; fileRef = CC10E64A24500D0D008AA1D8 /* AppDelegate.swift */; };
		CC10E64D24500D0D008AA1D8 /* SceneDelegate.swift in Sources */ = {isa = PBXBuildFile; fileRef = CC10E64C24500D0D008AA1D8 /* SceneDelegate.swift */; };
		CC10E64F24500D0D008AA1D8 /* ViewController.swift in Sources */ = {isa = PBXBuildFile; fileRef = CC10E64E24500D0D008AA1D8 /* ViewController.swift */; };
		CC10E65224500D0D008AA1D8 /* Main.storyboard in Resources */ = {isa = PBXBuildFile; fileRef = CC10E65024500D0D008AA1D8 /* Main.storyboard */; };
		CC10E65424500D0E008AA1D8 /* Assets.xcassets in Resources */ = {isa = PBXBuildFile; fileRef = CC10E65324500D0E008AA1D8 /* Assets.xcassets */; };
		CC10E65724500D0E008AA1D8 /* LaunchScreen.storyboard in Resources */ = {isa = PBXBuildFile; fileRef = CC10E65524500D0E008AA1D8 /* LaunchScreen.storyboard */; };
		CC10E66224500D0E008AA1D8 /* iOS_FirstWeek_Seminar_ExerciseTests.swift in Sources */ = {isa = PBXBuildFile; fileRef = CC10E66124500D0E008AA1D8 /* iOS_FirstWeek_Seminar_ExerciseTests.swift */; };
		CC10E66D24500D0E008AA1D8 /* iOS_FirstWeek_Seminar_ExerciseUITests.swift in Sources */ = {isa = PBXBuildFile; fileRef = CC10E66C24500D0E008AA1D8 /* iOS_FirstWeek_Seminar_ExerciseUITests.swift */; };
		CC10E67B24500ED6008AA1D8 /* IndigoViewController.swift in Sources */ = {isa = PBXBuildFile; fileRef = CC10E67A24500ED6008AA1D8 /* IndigoViewController.swift */; };
		CC10E67D24501303008AA1D8 /* FirstViewController.swift in Sources */ = {isa = PBXBuildFile; fileRef = CC10E67C24501303008AA1D8 /* FirstViewController.swift */; };
		CC10E67F24501310008AA1D8 /* SecondViewController.swift in Sources */ = {isa = PBXBuildFile; fileRef = CC10E67E24501310008AA1D8 /* SecondViewController.swift */; };
/* End PBXBuildFile section */

/* Begin PBXContainerItemProxy section */
		CC10E65E24500D0E008AA1D8 /* PBXContainerItemProxy */ = {
			isa = PBXContainerItemProxy;
			containerPortal = CC10E63F24500D0D008AA1D8 /* Project object */;
			proxyType = 1;
			remoteGlobalIDString = CC10E64624500D0D008AA1D8;
			remoteInfo = iOS_FirstWeek_Seminar_Exercise;
		};
		CC10E66924500D0E008AA1D8 /* PBXContainerItemProxy */ = {
			isa = PBXContainerItemProxy;
			containerPortal = CC10E63F24500D0D008AA1D8 /* Project object */;
			proxyType = 1;
			remoteGlobalIDString = CC10E64624500D0D008AA1D8;
			remoteInfo = iOS_FirstWeek_Seminar_Exercise;
		};
/* End PBXContainerItemProxy section */

/* Begin PBXFileReference section */
		CC10E64724500D0D008AA1D8 /* iOS_FirstWeek_Seminar_Exercise.app */ = {isa = PBXFileReference; explicitFileType = wrapper.application; includeInIndex = 0; path = iOS_FirstWeek_Seminar_Exercise.app; sourceTree = BUILT_PRODUCTS_DIR; };
		CC10E64A24500D0D008AA1D8 /* AppDelegate.swift */ = {isa = PBXFileReference; lastKnownFileType = sourcecode.swift; path = AppDelegate.swift; sourceTree = "<group>"; };
		CC10E64C24500D0D008AA1D8 /* SceneDelegate.swift */ = {isa = PBXFileReference; lastKnownFileType = sourcecode.swift; path = SceneDelegate.swift; sourceTree = "<group>"; };
		CC10E64E24500D0D008AA1D8 /* ViewController.swift */ = {isa = PBXFileReference; lastKnownFileType = sourcecode.swift; path = ViewController.swift; sourceTree = "<group>"; };
		CC10E65124500D0D008AA1D8 /* Base */ = {isa = PBXFileReference; lastKnownFileType = file.storyboard; name = Base; path = Base.lproj/Main.storyboard; sourceTree = "<group>"; };
		CC10E65324500D0E008AA1D8 /* Assets.xcassets */ = {isa = PBXFileReference; lastKnownFileType = folder.assetcatalog; path = Assets.xcassets; sourceTree = "<group>"; };
		CC10E65624500D0E008AA1D8 /* Base */ = {isa = PBXFileReference; lastKnownFileType = file.storyboard; name = Base; path = Base.lproj/LaunchScreen.storyboard; sourceTree = "<group>"; };
		CC10E65824500D0E008AA1D8 /* Info.plist */ = {isa = PBXFileReference; lastKnownFileType = text.plist.xml; path = Info.plist; sourceTree = "<group>"; };
		CC10E65D24500D0E008AA1D8 /* iOS_FirstWeek_Seminar_ExerciseTests.xctest */ = {isa = PBXFileReference; explicitFileType = wrapper.cfbundle; includeInIndex = 0; path = iOS_FirstWeek_Seminar_ExerciseTests.xctest; sourceTree = BUILT_PRODUCTS_DIR; };
		CC10E66124500D0E008AA1D8 /* iOS_FirstWeek_Seminar_ExerciseTests.swift */ = {isa = PBXFileReference; lastKnownFileType = sourcecode.swift; path = iOS_FirstWeek_Seminar_ExerciseTests.swift; sourceTree = "<group>"; };
		CC10E66324500D0E008AA1D8 /* Info.plist */ = {isa = PBXFileReference; lastKnownFileType = text.plist.xml; path = Info.plist; sourceTree = "<group>"; };
		CC10E66824500D0E008AA1D8 /* iOS_FirstWeek_Seminar_ExerciseUITests.xctest */ = {isa = PBXFileReference; explicitFileType = wrapper.cfbundle; includeInIndex = 0; path = iOS_FirstWeek_Seminar_ExerciseUITests.xctest; sourceTree = BUILT_PRODUCTS_DIR; };
		CC10E66C24500D0E008AA1D8 /* iOS_FirstWeek_Seminar_ExerciseUITests.swift */ = {isa = PBXFileReference; lastKnownFileType = sourcecode.swift; path = iOS_FirstWeek_Seminar_ExerciseUITests.swift; sourceTree = "<group>"; };
		CC10E66E24500D0E008AA1D8 /* Info.plist */ = {isa = PBXFileReference; lastKnownFileType = text.plist.xml; path = Info.plist; sourceTree = "<group>"; };
		CC10E67A24500ED6008AA1D8 /* IndigoViewController.swift */ = {isa = PBXFileReference; lastKnownFileType = sourcecode.swift; path = IndigoViewController.swift; sourceTree = "<group>"; };
		CC10E67C24501303008AA1D8 /* FirstViewController.swift */ = {isa = PBXFileReference; lastKnownFileType = sourcecode.swift; path = FirstViewController.swift; sourceTree = "<group>"; };
		CC10E67E24501310008AA1D8 /* SecondViewController.swift */ = {isa = PBXFileReference; lastKnownFileType = sourcecode.swift; path = SecondViewController.swift; sourceTree = "<group>"; };
/* End PBXFileReference section */

/* Begin PBXFrameworksBuildPhase section */
		CC10E64424500D0D008AA1D8 /* Frameworks */ = {
			isa = PBXFrameworksBuildPhase;
			buildActionMask = 2147483647;
			files = (
			);
			runOnlyForDeploymentPostprocessing = 0;
		};
		CC10E65A24500D0E008AA1D8 /* Frameworks */ = {
			isa = PBXFrameworksBuildPhase;
			buildActionMask = 2147483647;
			files = (
			);
			runOnlyForDeploymentPostprocessing = 0;
		};
		CC10E66524500D0E008AA1D8 /* Frameworks */ = {
			isa = PBXFrameworksBuildPhase;
			buildActionMask = 2147483647;
			files = (
			);
			runOnlyForDeploymentPostprocessing = 0;
		};
/* End PBXFrameworksBuildPhase section */

/* Begin PBXGroup section */
		CC10E63E24500D0D008AA1D8 = {
			isa = PBXGroup;
			children = (
				CC10E64924500D0D008AA1D8 /* iOS_FirstWeek_Seminar_Exercise */,
				CC10E66024500D0E008AA1D8 /* iOS_FirstWeek_Seminar_ExerciseTests */,
				CC10E66B24500D0E008AA1D8 /* iOS_FirstWeek_Seminar_ExerciseUITests */,
				CC10E64824500D0D008AA1D8 /* Products */,
			);
			sourceTree = "<group>";
		};
		CC10E64824500D0D008AA1D8 /* Products */ = {
			isa = PBXGroup;
			children = (
				CC10E64724500D0D008AA1D8 /* iOS_FirstWeek_Seminar_Exercise.app */,
				CC10E65D24500D0E008AA1D8 /* iOS_FirstWeek_Seminar_ExerciseTests.xctest */,
				CC10E66824500D0E008AA1D8 /* iOS_FirstWeek_Seminar_ExerciseUITests.xctest */,
			);
			name = Products;
			sourceTree = "<group>";
		};
		CC10E64924500D0D008AA1D8 /* iOS_FirstWeek_Seminar_Exercise */ = {
			isa = PBXGroup;
			children = (
				CC10E64A24500D0D008AA1D8 /* AppDelegate.swift */,
				CC10E64C24500D0D008AA1D8 /* SceneDelegate.swift */,
				CC10E64E24500D0D008AA1D8 /* ViewController.swift */,
				CC10E65024500D0D008AA1D8 /* Main.storyboard */,
				CC10E65324500D0E008AA1D8 /* Assets.xcassets */,
				CC10E65524500D0E008AA1D8 /* LaunchScreen.storyboard */,
				CC10E65824500D0E008AA1D8 /* Info.plist */,
				CC10E67A24500ED6008AA1D8 /* IndigoViewController.swift */,
				CC10E67C24501303008AA1D8 /* FirstViewController.swift */,
				CC10E67E24501310008AA1D8 /* SecondViewController.swift */,
			);
			path = iOS_FirstWeek_Seminar_Exercise;
			sourceTree = "<group>";
		};
		CC10E66024500D0E008AA1D8 /* iOS_FirstWeek_Seminar_ExerciseTests */ = {
			isa = PBXGroup;
			children = (
				CC10E66124500D0E008AA1D8 /* iOS_FirstWeek_Seminar_ExerciseTests.swift */,
				CC10E66324500D0E008AA1D8 /* Info.plist */,
			);
			path = iOS_FirstWeek_Seminar_ExerciseTests;
			sourceTree = "<group>";
		};
		CC10E66B24500D0E008AA1D8 /* iOS_FirstWeek_Seminar_ExerciseUITests */ = {
			isa = PBXGroup;
			children = (
				CC10E66C24500D0E008AA1D8 /* iOS_FirstWeek_Seminar_ExerciseUITests.swift */,
				CC10E66E24500D0E008AA1D8 /* Info.plist */,
			);
			path = iOS_FirstWeek_Seminar_ExerciseUITests;
			sourceTree = "<group>";
		};
/* End PBXGroup section */

/* Begin PBXNativeTarget section */
		CC10E64624500D0D008AA1D8 /* iOS_FirstWeek_Seminar_Exercise */ = {
			isa = PBXNativeTarget;
			buildConfigurationList = CC10E67124500D0E008AA1D8 /* Build configuration list for PBXNativeTarget "iOS_FirstWeek_Seminar_Exercise" */;
			buildPhases = (
				CC10E64324500D0D008AA1D8 /* Sources */,
				CC10E64424500D0D008AA1D8 /* Frameworks */,
				CC10E64524500D0D008AA1D8 /* Resources */,
			);
			buildRules = (
			);
			dependencies = (
			);
			name = iOS_FirstWeek_Seminar_Exercise;
			productName = iOS_FirstWeek_Seminar_Exercise;
			productReference = CC10E64724500D0D008AA1D8 /* iOS_FirstWeek_Seminar_Exercise.app */;
			productType = "com.apple.product-type.application";
		};
		CC10E65C24500D0E008AA1D8 /* iOS_FirstWeek_Seminar_ExerciseTests */ = {
			isa = PBXNativeTarget;
			buildConfigurationList = CC10E67424500D0E008AA1D8 /* Build configuration list for PBXNativeTarget "iOS_FirstWeek_Seminar_ExerciseTests" */;
			buildPhases = (
				CC10E65924500D0E008AA1D8 /* Sources */,
				CC10E65A24500D0E008AA1D8 /* Frameworks */,
				CC10E65B24500D0E008AA1D8 /* Resources */,
			);
			buildRules = (
			);
			dependencies = (
				CC10E65F24500D0E008AA1D8 /* PBXTargetDependency */,
			);
			name = iOS_FirstWeek_Seminar_ExerciseTests;
			productName = iOS_FirstWeek_Seminar_ExerciseTests;
			productReference = CC10E65D24500D0E008AA1D8 /* iOS_FirstWeek_Seminar_ExerciseTests.xctest */;
			productType = "com.apple.product-type.bundle.unit-test";
		};
		CC10E66724500D0E008AA1D8 /* iOS_FirstWeek_Seminar_ExerciseUITests */ = {
			isa = PBXNativeTarget;
			buildConfigurationList = CC10E67724500D0E008AA1D8 /* Build configuration list for PBXNativeTarget "iOS_FirstWeek_Seminar_ExerciseUITests" */;
			buildPhases = (
				CC10E66424500D0E008AA1D8 /* Sources */,
				CC10E66524500D0E008AA1D8 /* Frameworks */,
				CC10E66624500D0E008AA1D8 /* Resources */,
			);
			buildRules = (
			);
			dependencies = (
				CC10E66A24500D0E008AA1D8 /* PBXTargetDependency */,
			);
			name = iOS_FirstWeek_Seminar_ExerciseUITests;
			productName = iOS_FirstWeek_Seminar_ExerciseUITests;
			productReference = CC10E66824500D0E008AA1D8 /* iOS_FirstWeek_Seminar_ExerciseUITests.xctest */;
			productType = "com.apple.product-type.bundle.ui-testing";
		};
/* End PBXNativeTarget section */

/* Begin PBXProject section */
		CC10E63F24500D0D008AA1D8 /* Project object */ = {
			isa = PBXProject;
			attributes = {
				LastSwiftUpdateCheck = 1140;
				LastUpgradeCheck = 1140;
				ORGANIZATIONNAME = "노한솔";
				TargetAttributes = {
					CC10E64624500D0D008AA1D8 = {
						CreatedOnToolsVersion = 11.4.1;
					};
					CC10E65C24500D0E008AA1D8 = {
						CreatedOnToolsVersion = 11.4.1;
						TestTargetID = CC10E64624500D0D008AA1D8;
					};
					CC10E66724500D0E008AA1D8 = {
						CreatedOnToolsVersion = 11.4.1;
						TestTargetID = CC10E64624500D0D008AA1D8;
					};
				};
			};
			buildConfigurationList = CC10E64224500D0D008AA1D8 /* Build configuration list for PBXProject "iOS_FirstWeek_Seminar_Exercise" */;
			compatibilityVersion = "Xcode 9.3";
			developmentRegion = en;
			hasScannedForEncodings = 0;
			knownRegions = (
				en,
				Base,
			);
			mainGroup = CC10E63E24500D0D008AA1D8;
			productRefGroup = CC10E64824500D0D008AA1D8 /* Products */;
			projectDirPath = "";
			projectRoot = "";
			targets = (
				CC10E64624500D0D008AA1D8 /* iOS_FirstWeek_Seminar_Exercise */,
				CC10E65C24500D0E008AA1D8 /* iOS_FirstWeek_Seminar_ExerciseTests */,
				CC10E66724500D0E008AA1D8 /* iOS_FirstWeek_Seminar_ExerciseUITests */,
			);
		};
/* End PBXProject section */

/* Begin PBXResourcesBuildPhase section */
		CC10E64524500D0D008AA1D8 /* Resources */ = {
			isa = PBXResourcesBuildPhase;
			buildActionMask = 2147483647;
			files = (
				CC10E65724500D0E008AA1D8 /* LaunchScreen.storyboard in Resources */,
				CC10E65424500D0E008AA1D8 /* Assets.xcassets in Resources */,
				CC10E65224500D0D008AA1D8 /* Main.storyboard in Resources */,
			);
			runOnlyForDeploymentPostprocessing = 0;
		};
		CC10E65B24500D0E008AA1D8 /* Resources */ = {
			isa = PBXResourcesBuildPhase;
			buildActionMask = 2147483647;
			files = (
			);
			runOnlyForDeploymentPostprocessing = 0;
		};
		CC10E66624500D0E008AA1D8 /* Resources */ = {
			isa = PBXResourcesBuildPhase;
			buildActionMask = 2147483647;
			files = (
			);
			runOnlyForDeploymentPostprocessing = 0;
		};
/* End PBXResourcesBuildPhase section */

/* Begin PBXSourcesBuildPhase section */
		CC10E64324500D0D008AA1D8 /* Sources */ = {
			isa = PBXSourcesBuildPhase;
			buildActionMask = 2147483647;
			files = (
				CC10E67F24501310008AA1D8 /* SecondViewController.swift in Sources */,
				CC10E67D24501303008AA1D8 /* FirstViewController.swift in Sources */,
				CC10E64F24500D0D008AA1D8 /* ViewController.swift in Sources */,
				CC10E64B24500D0D008AA1D8 /* AppDelegate.swift in Sources */,
				CC10E67B24500ED6008AA1D8 /* IndigoViewController.swift in Sources */,
				CC10E64D24500D0D008AA1D8 /* SceneDelegate.swift in Sources */,
			);
			runOnlyForDeploymentPostprocessing = 0;
		};
		CC10E65924500D0E008AA1D8 /* Sources */ = {
			isa = PBXSourcesBuildPhase;
			buildActionMask = 2147483647;
			files = (
				CC10E66224500D0E008AA1D8 /* iOS_FirstWeek_Seminar_ExerciseTests.swift in Sources */,
			);
			runOnlyForDeploymentPostprocessing = 0;
		};
		CC10E66424500D0E008AA1D8 /* Sources */ = {
			isa = PBXSourcesBuildPhase;
			buildActionMask = 2147483647;
			files = (
				CC10E66D24500D0E008AA1D8 /* iOS_FirstWeek_Seminar_ExerciseUITests.swift in Sources */,
			);
			runOnlyForDeploymentPostprocessing = 0;
		};
/* End PBXSourcesBuildPhase section */

/* Begin PBXTargetDependency section */
		CC10E65F24500D0E008AA1D8 /* PBXTargetDependency */ = {
			isa = PBXTargetDependency;
			target = CC10E64624500D0D008AA1D8 /* iOS_FirstWeek_Seminar_Exercise */;
			targetProxy = CC10E65E24500D0E008AA1D8 /* PBXContainerItemProxy */;
		};
		CC10E66A24500D0E008AA1D8 /* PBXTargetDependency */ = {
			isa = PBXTargetDependency;
			target = CC10E64624500D0D008AA1D8 /* iOS_FirstWeek_Seminar_Exercise */;
			targetProxy = CC10E66924500D0E008AA1D8 /* PBXContainerItemProxy */;
		};
/* End PBXTargetDependency section */

/* Begin PBXVariantGroup section */
		CC10E65024500D0D008AA1D8 /* Main.storyboard */ = {
			isa = PBXVariantGroup;
			children = (
				CC10E65124500D0D008AA1D8 /* Base */,
			);
			name = Main.storyboard;
			sourceTree = "<group>";
		};
		CC10E65524500D0E008AA1D8 /* LaunchScreen.storyboard */ = {
			isa = PBXVariantGroup;
			children = (
				CC10E65624500D0E008AA1D8 /* Base */,
			);
			name = LaunchScreen.storyboard;
			sourceTree = "<group>";
		};
/* End PBXVariantGroup section */

/* Begin XCBuildConfiguration section */
		CC10E66F24500D0E008AA1D8 /* Debug */ = {
			isa = XCBuildConfiguration;
			buildSettings = {
				ALWAYS_SEARCH_USER_PATHS = NO;
				CLANG_ANALYZER_NONNULL = YES;
				CLANG_ANALYZER_NUMBER_OBJECT_CONVERSION = YES_AGGRESSIVE;
				CLANG_CXX_LANGUAGE_STANDARD = "gnu++14";
				CLANG_CXX_LIBRARY = "libc++";
				CLANG_ENABLE_MODULES = YES;
				CLANG_ENABLE_OBJC_ARC = YES;
				CLANG_ENABLE_OBJC_WEAK = YES;
				CLANG_WARN_BLOCK_CAPTURE_AUTORELEASING = YES;
				CLANG_WARN_BOOL_CONVERSION = YES;
				CLANG_WARN_COMMA = YES;
				CLANG_WARN_CONSTANT_CONVERSION = YES;
				CLANG_WARN_DEPRECATED_OBJC_IMPLEMENTATIONS = YES;
				CLANG_WARN_DIRECT_OBJC_ISA_USAGE = YES_ERROR;
				CLANG_WARN_DOCUMENTATION_COMMENTS = YES;
				CLANG_WARN_EMPTY_BODY = YES;
				CLANG_WARN_ENUM_CONVERSION = YES;
				CLANG_WARN_INFINITE_RECURSION = YES;
				CLANG_WARN_INT_CONVERSION = YES;
				CLANG_WARN_NON_LITERAL_NULL_CONVERSION = YES;
				CLANG_WARN_OBJC_IMPLICIT_RETAIN_SELF = YES;
				CLANG_WARN_OBJC_LITERAL_CONVERSION = YES;
				CLANG_WARN_OBJC_ROOT_CLASS = YES_ERROR;
				CLANG_WARN_RANGE_LOOP_ANALYSIS = YES;
				CLANG_WARN_STRICT_PROTOTYPES = YES;
				CLANG_WARN_SUSPICIOUS_MOVE = YES;
				CLANG_WARN_UNGUARDED_AVAILABILITY = YES_AGGRESSIVE;
				CLANG_WARN_UNREACHABLE_CODE = YES;
				CLANG_WARN__DUPLICATE_METHOD_MATCH = YES;
				COPY_PHASE_STRIP = NO;
				DEBUG_INFORMATION_FORMAT = dwarf;
				ENABLE_STRICT_OBJC_MSGSEND = YES;
				ENABLE_TESTABILITY = YES;
				GCC_C_LANGUAGE_STANDARD = gnu11;
				GCC_DYNAMIC_NO_PIC = NO;
				GCC_NO_COMMON_BLOCKS = YES;
				GCC_OPTIMIZATION_LEVEL = 0;
				GCC_PREPROCESSOR_DEFINITIONS = (
					"DEBUG=1",
					"$(inherited)",
				);
				GCC_WARN_64_TO_32_BIT_CONVERSION = YES;
				GCC_WARN_ABOUT_RETURN_TYPE = YES_ERROR;
				GCC_WARN_UNDECLARED_SELECTOR = YES;
				GCC_WARN_UNINITIALIZED_AUTOS = YES_AGGRESSIVE;
				GCC_WARN_UNUSED_FUNCTION = YES;
				GCC_WARN_UNUSED_VARIABLE = YES;
				IPHONEOS_DEPLOYMENT_TARGET = 13.4;
				MTL_ENABLE_DEBUG_INFO = INCLUDE_SOURCE;
				MTL_FAST_MATH = YES;
				ONLY_ACTIVE_ARCH = YES;
				SDKROOT = iphoneos;
				SWIFT_ACTIVE_COMPILATION_CONDITIONS = DEBUG;
				SWIFT_OPTIMIZATION_LEVEL = "-Onone";
			};
			name = Debug;
		};
		CC10E67024500D0E008AA1D8 /* Release */ = {
			isa = XCBuildConfiguration;
			buildSettings = {
				ALWAYS_SEARCH_USER_PATHS = NO;
				CLANG_ANALYZER_NONNULL = YES;
				CLANG_ANALYZER_NUMBER_OBJECT_CONVERSION = YES_AGGRESSIVE;
				CLANG_CXX_LANGUAGE_STANDARD = "gnu++14";
				CLANG_CXX_LIBRARY = "libc++";
				CLANG_ENABLE_MODULES = YES;
				CLANG_ENABLE_OBJC_ARC = YES;
				CLANG_ENABLE_OBJC_WEAK = YES;
				CLANG_WARN_BLOCK_CAPTURE_AUTORELEASING = YES;
				CLANG_WARN_BOOL_CONVERSION = YES;
				CLANG_WARN_COMMA = YES;
				CLANG_WARN_CONSTANT_CONVERSION = YES;
				CLANG_WARN_DEPRECATED_OBJC_IMPLEMENTATIONS = YES;
				CLANG_WARN_DIRECT_OBJC_ISA_USAGE = YES_ERROR;
				CLANG_WARN_DOCUMENTATION_COMMENTS = YES;
				CLANG_WARN_EMPTY_BODY = YES;
				CLANG_WARN_ENUM_CONVERSION = YES;
				CLANG_WARN_INFINITE_RECURSION = YES;
				CLANG_WARN_INT_CONVERSION = YES;
				CLANG_WARN_NON_LITERAL_NULL_CONVERSION = YES;
				CLANG_WARN_OBJC_IMPLICIT_RETAIN_SELF = YES;
				CLANG_WARN_OBJC_LITERAL_CONVERSION = YES;
				CLANG_WARN_OBJC_ROOT_CLASS = YES_ERROR;
				CLANG_WARN_RANGE_LOOP_ANALYSIS = YES;
				CLANG_WARN_STRICT_PROTOTYPES = YES;
				CLANG_WARN_SUSPICIOUS_MOVE = YES;
				CLANG_WARN_UNGUARDED_AVAILABILITY = YES_AGGRESSIVE;
				CLANG_WARN_UNREACHABLE_CODE = YES;
				CLANG_WARN__DUPLICATE_METHOD_MATCH = YES;
				COPY_PHASE_STRIP = NO;
				DEBUG_INFORMATION_FORMAT = "dwarf-with-dsym";
				ENABLE_NS_ASSERTIONS = NO;
				ENABLE_STRICT_OBJC_MSGSEND = YES;
				GCC_C_LANGUAGE_STANDARD = gnu11;
				GCC_NO_COMMON_BLOCKS = YES;
				GCC_WARN_64_TO_32_BIT_CONVERSION = YES;
				GCC_WARN_ABOUT_RETURN_TYPE = YES_ERROR;
				GCC_WARN_UNDECLARED_SELECTOR = YES;
				GCC_WARN_UNINITIALIZED_AUTOS = YES_AGGRESSIVE;
				GCC_WARN_UNUSED_FUNCTION = YES;
				GCC_WARN_UNUSED_VARIABLE = YES;
				IPHONEOS_DEPLOYMENT_TARGET = 13.4;
				MTL_ENABLE_DEBUG_INFO = NO;
				MTL_FAST_MATH = YES;
				SDKROOT = iphoneos;
				SWIFT_COMPILATION_MODE = wholemodule;
				SWIFT_OPTIMIZATION_LEVEL = "-O";
				VALIDATE_PRODUCT = YES;
			};
			name = Release;
		};
		CC10E67224500D0E008AA1D8 /* Debug */ = {
			isa = XCBuildConfiguration;
			buildSettings = {
				ASSETCATALOG_COMPILER_APPICON_NAME = AppIcon;
				CODE_SIGN_STYLE = Automatic;
				INFOPLIST_FILE = iOS_FirstWeek_Seminar_Exercise/Info.plist;
				LD_RUNPATH_SEARCH_PATHS = (
					"$(inherited)",
					"@executable_path/Frameworks",
				);
				PRODUCT_BUNDLE_IDENTIFIER = "ryan.iOS-FirstWeek-Seminar-Exercise";
				PRODUCT_NAME = "$(TARGET_NAME)";
				SWIFT_VERSION = 5.0;
				TARGETED_DEVICE_FAMILY = "1,2";
			};
			name = Debug;
		};
		CC10E67324500D0E008AA1D8 /* Release */ = {
			isa = XCBuildConfiguration;
			buildSettings = {
				ASSETCATALOG_COMPILER_APPICON_NAME = AppIcon;
				CODE_SIGN_STYLE = Automatic;
				INFOPLIST_FILE = iOS_FirstWeek_Seminar_Exercise/Info.plist;
				LD_RUNPATH_SEARCH_PATHS = (
					"$(inherited)",
					"@executable_path/Frameworks",
				);
				PRODUCT_BUNDLE_IDENTIFIER = "ryan.iOS-FirstWeek-Seminar-Exercise";
				PRODUCT_NAME = "$(TARGET_NAME)";
				SWIFT_VERSION = 5.0;
				TARGETED_DEVICE_FAMILY = "1,2";
			};
			name = Release;
		};
		CC10E67524500D0E008AA1D8 /* Debug */ = {
			isa = XCBuildConfiguration;
			buildSettings = {
				ALWAYS_EMBED_SWIFT_STANDARD_LIBRARIES = YES;
				BUNDLE_LOADER = "$(TEST_HOST)";
				CODE_SIGN_STYLE = Automatic;
				INFOPLIST_FILE = iOS_FirstWeek_Seminar_ExerciseTests/Info.plist;
				IPHONEOS_DEPLOYMENT_TARGET = 13.4;
				LD_RUNPATH_SEARCH_PATHS = (
					"$(inherited)",
					"@executable_path/Frameworks",
					"@loader_path/Frameworks",
				);
				PRODUCT_BUNDLE_IDENTIFIER = "ryan.iOS-FirstWeek-Seminar-ExerciseTests";
				PRODUCT_NAME = "$(TARGET_NAME)";
				SWIFT_VERSION = 5.0;
				TARGETED_DEVICE_FAMILY = "1,2";
				TEST_HOST = "$(BUILT_PRODUCTS_DIR)/iOS_FirstWeek_Seminar_Exercise.app/iOS_FirstWeek_Seminar_Exercise";
			};
			name = Debug;
		};
		CC10E67624500D0E008AA1D8 /* Release */ = {
			isa = XCBuildConfiguration;
			buildSettings = {
				ALWAYS_EMBED_SWIFT_STANDARD_LIBRARIES = YES;
				BUNDLE_LOADER = "$(TEST_HOST)";
				CODE_SIGN_STYLE = Automatic;
				INFOPLIST_FILE = iOS_FirstWeek_Seminar_ExerciseTests/Info.plist;
				IPHONEOS_DEPLOYMENT_TARGET = 13.4;
				LD_RUNPATH_SEARCH_PATHS = (
					"$(inherited)",
					"@executable_path/Frameworks",
					"@loader_path/Frameworks",
				);
				PRODUCT_BUNDLE_IDENTIFIER = "ryan.iOS-FirstWeek-Seminar-ExerciseTests";
				PRODUCT_NAME = "$(TARGET_NAME)";
				SWIFT_VERSION = 5.0;
				TARGETED_DEVICE_FAMILY = "1,2";
				TEST_HOST = "$(BUILT_PRODUCTS_DIR)/iOS_FirstWeek_Seminar_Exercise.app/iOS_FirstWeek_Seminar_Exercise";
			};
			name = Release;
		};
		CC10E67824500D0E008AA1D8 /* Debug */ = {
			isa = XCBuildConfiguration;
			buildSettings = {
				ALWAYS_EMBED_SWIFT_STANDARD_LIBRARIES = YES;
				CODE_SIGN_STYLE = Automatic;
				INFOPLIST_FILE = iOS_FirstWeek_Seminar_ExerciseUITests/Info.plist;
				LD_RUNPATH_SEARCH_PATHS = (
					"$(inherited)",
					"@executable_path/Frameworks",
					"@loader_path/Frameworks",
				);
				PRODUCT_BUNDLE_IDENTIFIER = "ryan.iOS-FirstWeek-Seminar-ExerciseUITests";
				PRODUCT_NAME = "$(TARGET_NAME)";
				SWIFT_VERSION = 5.0;
				TARGETED_DEVICE_FAMILY = "1,2";
				TEST_TARGET_NAME = iOS_FirstWeek_Seminar_Exercise;
			};
			name = Debug;
		};
		CC10E67924500D0E008AA1D8 /* Release */ = {
			isa = XCBuildConfiguration;
			buildSettings = {
				ALWAYS_EMBED_SWIFT_STANDARD_LIBRARIES = YES;
				CODE_SIGN_STYLE = Automatic;
				INFOPLIST_FILE = iOS_FirstWeek_Seminar_ExerciseUITests/Info.plist;
				LD_RUNPATH_SEARCH_PATHS = (
					"$(inherited)",
					"@executable_path/Frameworks",
					"@loader_path/Frameworks",
				);
				PRODUCT_BUNDLE_IDENTIFIER = "ryan.iOS-FirstWeek-Seminar-ExerciseUITests";
				PRODUCT_NAME = "$(TARGET_NAME)";
				SWIFT_VERSION = 5.0;
				TARGETED_DEVICE_FAMILY = "1,2";
				TEST_TARGET_NAME = iOS_FirstWeek_Seminar_Exercise;
			};
			name = Release;
		};
/* End XCBuildConfiguration section */

/* Begin XCConfigurationList section */
		CC10E64224500D0D008AA1D8 /* Build configuration list for PBXProject "iOS_FirstWeek_Seminar_Exercise" */ = {
			isa = XCConfigurationList;
			buildConfigurations = (
				CC10E66F24500D0E008AA1D8 /* Debug */,
				CC10E67024500D0E008AA1D8 /* Release */,
			);
			defaultConfigurationIsVisible = 0;
			defaultConfigurationName = Release;
		};
		CC10E67124500D0E008AA1D8 /* Build configuration list for PBXNativeTarget "iOS_FirstWeek_Seminar_Exercise" */ = {
			isa = XCConfigurationList;
			buildConfigurations = (
				CC10E67224500D0E008AA1D8 /* Debug */,
				CC10E67324500D0E008AA1D8 /* Release */,
			);
			defaultConfigurationIsVisible = 0;
			defaultConfigurationName = Release;
		};
		CC10E67424500D0E008AA1D8 /* Build configuration list for PBXNativeTarget "iOS_FirstWeek_Seminar_ExerciseTests" */ = {
			isa = XCConfigurationList;
			buildConfigurations = (
				CC10E67524500D0E008AA1D8 /* Debug */,
				CC10E67624500D0E008AA1D8 /* Release */,
			);
			defaultConfigurationIsVisible = 0;
			defaultConfigurationName = Release;
		};
		CC10E67724500D0E008AA1D8 /* Build configuration list for PBXNativeTarget "iOS_FirstWeek_Seminar_ExerciseUITests" */ = {
			isa = XCConfigurationList;
			buildConfigurations = (
				CC10E67824500D0E008AA1D8 /* Debug */,
				CC10E67924500D0E008AA1D8 /* Release */,
			);
			defaultConfigurationIsVisible = 0;
			defaultConfigurationName = Release;
		};
/* End XCConfigurationList section */
	};
	rootObject = CC10E63F24500D0D008AA1D8 /* Project object */;
}
